
Microsoft Visual Studio Solution File, Format Version 12.00
Project("{FAE04EC0-301F-11D3-BF4B-00C04F79EFBC}") = "SH.Framework.Library.Cqrs", "SH.Framework.Library.Cqrs\SH.Framework.Library.Cqrs.csproj", "{43141296-C37D-46B1-AC21-40C5F65DCF61}"
EndProject
Global
	GlobalSection(SolutionConfigurationPlatforms) = preSolution
		Debug|Any CPU = Debug|Any CPU
		Release|Any CPU = Release|Any CPU
	EndGlobalSection
	GlobalSection(ProjectConfigurationPlatforms) = postSolution
		{43141296-C37D-46B1-AC21-40C5F65DCF61}.Debug|Any CPU.ActiveCfg = Debug|Any CPU
		{43141296-C37D-46B1-AC21-40C5F65DCF61}.Debug|Any CPU.Build.0 = Debug|Any CPU
		{43141296-C37D-46B1-AC21-40C5F65DCF61}.Release|Any CPU.ActiveCfg = Release|Any CPU
		{43141296-C37D-46B1-AC21-40C5F65DCF61}.Release|Any CPU.Build.0 = Release|Any CPU
	EndGlobalSection
EndGlobal
